// !$*UTF8*$!
{
	archiveVersion = 1;
	classes = {
	};
	objectVersion = 52;
	objects = {

/* Begin PBXBuildFile section */
		058557BB273AAA24004C7B11 /* Assets.xcassets in Resources */ = {isa = PBXBuildFile; fileRef = 058557BA273AAA24004C7B11 /* Assets.xcassets */; };
		058557D9273AAEEB004C7B11 /* Preview Assets.xcassets in Resources */ = {isa = PBXBuildFile; fileRef = 058557D8273AAEEB004C7B11 /* Preview Assets.xcassets */; };
		2152FB042600AC8F00CF470E /* iOSApp.swift in Sources */ = {isa = PBXBuildFile; fileRef = 2152FB032600AC8F00CF470E /* iOSApp.swift */; };
		3BD5C0111D7B3A14793FFC18 /* Pods_iosApp.framework in Frameworks */ = {isa = PBXBuildFile; fileRef = 68891710A7B78F7B63F31D40 /* Pods_iosApp.framework */; };
		7555FF83242A565900829871 /* MainContentView.swift in Sources */ = {isa = PBXBuildFile; fileRef = 7555FF82242A565900829871 /* MainContentView.swift */; };
		A80751C728D475CC0022B7FC /* SwiftResult.swift in Sources */ = {isa = PBXBuildFile; fileRef = A80751C628D475CC0022B7FC /* SwiftResult.swift */; };
		A8430C5628D4C0CE003722CC /* SealedClassesAndGenericsScreenState.swift in Sources */ = {isa = PBXBuildFile; fileRef = A8430C5528D4C0CE003722CC /* SealedClassesAndGenericsScreenState.swift */; };
		A8430C5828D4C0D8003722CC /* SealedClassesAndGenericsScreen.swift in Sources */ = {isa = PBXBuildFile; fileRef = A8430C5728D4C0D8003722CC /* SealedClassesAndGenericsScreen.swift */; };
		A8430C5A28D4C0E3003722CC /* SealedClassesAndGenericsScreenViewModel.swift in Sources */ = {isa = PBXBuildFile; fileRef = A8430C5928D4C0E3003722CC /* SealedClassesAndGenericsScreenViewModel.swift */; };
		A8430C5D28D4C8B0003722CC /* InlineClassesScreen.swift in Sources */ = {isa = PBXBuildFile; fileRef = A8430C5C28D4C8B0003722CC /* InlineClassesScreen.swift */; };
		A8430C5F28D4C8B8003722CC /* InlineClassesScreenState.swift in Sources */ = {isa = PBXBuildFile; fileRef = A8430C5E28D4C8B8003722CC /* InlineClassesScreenState.swift */; };
		A8430C6128D4C8C1003722CC /* InlineClassesScreenViewModel.swift in Sources */ = {isa = PBXBuildFile; fileRef = A8430C6028D4C8C1003722CC /* InlineClassesScreenViewModel.swift */; };
		A8430C6428D5C3A3003722CC /* CoroutinesScreen.swift in Sources */ = {isa = PBXBuildFile; fileRef = A8430C6328D5C3A3003722CC /* CoroutinesScreen.swift */; };
		A8430C6628D5C3AC003722CC /* CoroutinesScreenState.swift in Sources */ = {isa = PBXBuildFile; fileRef = A8430C6528D5C3AC003722CC /* CoroutinesScreenState.swift */; };
		A8430C6828D5C3B5003722CC /* CoroutinesScreenViewModel.swift in Sources */ = {isa = PBXBuildFile; fileRef = A8430C6728D5C3B5003722CC /* CoroutinesScreenViewModel.swift */; };
		A8430C6B28D5C7E2003722CC /* KMPNativeCoroutinesAsync in Frameworks */ = {isa = PBXBuildFile; productRef = A8430C6A28D5C7E2003722CC /* KMPNativeCoroutinesAsync */; };
		A8430C6D28D5C7E2003722CC /* KMPNativeCoroutinesCombine in Frameworks */ = {isa = PBXBuildFile; productRef = A8430C6C28D5C7E2003722CC /* KMPNativeCoroutinesCombine */; };
		A8430C6F28D5C7E2003722CC /* KMPNativeCoroutinesCore in Frameworks */ = {isa = PBXBuildFile; productRef = A8430C6E28D5C7E2003722CC /* KMPNativeCoroutinesCore */; };
		A8430C7128D5C7E2003722CC /* KMPNativeCoroutinesRxSwift in Frameworks */ = {isa = PBXBuildFile; productRef = A8430C7028D5C7E2003722CC /* KMPNativeCoroutinesRxSwift */; };
		A8D040FF28D606800088DB45 /* ResultScreen.swift in Sources */ = {isa = PBXBuildFile; fileRef = A8D040FE28D606800088DB45 /* ResultScreen.swift */; };
		A8D0410128D606870088DB45 /* ResultScreenState.swift in Sources */ = {isa = PBXBuildFile; fileRef = A8D0410028D606870088DB45 /* ResultScreenState.swift */; };
		A8D0410328D6068F0088DB45 /* ResultScreenViewModel.swift in Sources */ = {isa = PBXBuildFile; fileRef = A8D0410228D6068F0088DB45 /* ResultScreenViewModel.swift */; };
		A8D0410628D714F50088DB45 /* ThirdPartyScreen.swift in Sources */ = {isa = PBXBuildFile; fileRef = A8D0410528D714F50088DB45 /* ThirdPartyScreen.swift */; };
		A8D0410828D714FD0088DB45 /* ThirdPartyScreenState.swift in Sources */ = {isa = PBXBuildFile; fileRef = A8D0410728D714FD0088DB45 /* ThirdPartyScreenState.swift */; };
		A8D0410A28D715050088DB45 /* ThirdPartyScreenViewModel.swift in Sources */ = {isa = PBXBuildFile; fileRef = A8D0410928D715050088DB45 /* ThirdPartyScreenViewModel.swift */; };
		A8D0410C28D715120088DB45 /* SystemInformationRetrieverIOS.swift in Sources */ = {isa = PBXBuildFile; fileRef = A8D0410B28D715120088DB45 /* SystemInformationRetrieverIOS.swift */; };
/* End PBXBuildFile section */

/* Begin PBXFileReference section */
		058557BA273AAA24004C7B11 /* Assets.xcassets */ = {isa = PBXFileReference; lastKnownFileType = folder.assetcatalog; path = Assets.xcassets; sourceTree = "<group>"; };
		058557D8273AAEEB004C7B11 /* Preview Assets.xcassets */ = {isa = PBXFileReference; lastKnownFileType = folder.assetcatalog; path = "Preview Assets.xcassets"; sourceTree = "<group>"; };
		2152FB032600AC8F00CF470E /* iOSApp.swift */ = {isa = PBXFileReference; lastKnownFileType = sourcecode.swift; path = iOSApp.swift; sourceTree = "<group>"; };
		68891710A7B78F7B63F31D40 /* Pods_iosApp.framework */ = {isa = PBXFileReference; explicitFileType = wrapper.framework; includeInIndex = 0; path = Pods_iosApp.framework; sourceTree = BUILT_PRODUCTS_DIR; };
		710B87DA1F1B716F2E42BD60 /* Pods-iosApp.debug.xcconfig */ = {isa = PBXFileReference; includeInIndex = 1; lastKnownFileType = text.xcconfig; name = "Pods-iosApp.debug.xcconfig"; path = "Target Support Files/Pods-iosApp/Pods-iosApp.debug.xcconfig"; sourceTree = "<group>"; };
		7555FF7B242A565900829871 /* iosApp.app */ = {isa = PBXFileReference; explicitFileType = wrapper.application; includeInIndex = 0; path = iosApp.app; sourceTree = BUILT_PRODUCTS_DIR; };
		7555FF82242A565900829871 /* MainContentView.swift */ = {isa = PBXFileReference; lastKnownFileType = sourcecode.swift; path = MainContentView.swift; sourceTree = "<group>"; };
		7555FF8C242A565B00829871 /* Info.plist */ = {isa = PBXFileReference; lastKnownFileType = text.plist.xml; path = Info.plist; sourceTree = "<group>"; };
		A80751C628D475CC0022B7FC /* SwiftResult.swift */ = {isa = PBXFileReference; lastKnownFileType = sourcecode.swift; path = SwiftResult.swift; sourceTree = "<group>"; };
		A8430C5528D4C0CE003722CC /* SealedClassesAndGenericsScreenState.swift */ = {isa = PBXFileReference; lastKnownFileType = sourcecode.swift; path = SealedClassesAndGenericsScreenState.swift; sourceTree = "<group>"; };
		A8430C5728D4C0D8003722CC /* SealedClassesAndGenericsScreen.swift */ = {isa = PBXFileReference; lastKnownFileType = sourcecode.swift; path = SealedClassesAndGenericsScreen.swift; sourceTree = "<group>"; };
		A8430C5928D4C0E3003722CC /* SealedClassesAndGenericsScreenViewModel.swift */ = {isa = PBXFileReference; lastKnownFileType = sourcecode.swift; path = SealedClassesAndGenericsScreenViewModel.swift; sourceTree = "<group>"; };
		A8430C5C28D4C8B0003722CC /* InlineClassesScreen.swift */ = {isa = PBXFileReference; lastKnownFileType = sourcecode.swift; path = InlineClassesScreen.swift; sourceTree = "<group>"; };
		A8430C5E28D4C8B8003722CC /* InlineClassesScreenState.swift */ = {isa = PBXFileReference; lastKnownFileType = sourcecode.swift; path = InlineClassesScreenState.swift; sourceTree = "<group>"; };
		A8430C6028D4C8C1003722CC /* InlineClassesScreenViewModel.swift */ = {isa = PBXFileReference; lastKnownFileType = sourcecode.swift; path = InlineClassesScreenViewModel.swift; sourceTree = "<group>"; };
		A8430C6328D5C3A3003722CC /* CoroutinesScreen.swift */ = {isa = PBXFileReference; lastKnownFileType = sourcecode.swift; path = CoroutinesScreen.swift; sourceTree = "<group>"; };
		A8430C6528D5C3AC003722CC /* CoroutinesScreenState.swift */ = {isa = PBXFileReference; lastKnownFileType = sourcecode.swift; path = CoroutinesScreenState.swift; sourceTree = "<group>"; };
		A8430C6728D5C3B5003722CC /* CoroutinesScreenViewModel.swift */ = {isa = PBXFileReference; lastKnownFileType = sourcecode.swift; path = CoroutinesScreenViewModel.swift; sourceTree = "<group>"; };
		A8D040FE28D606800088DB45 /* ResultScreen.swift */ = {isa = PBXFileReference; lastKnownFileType = sourcecode.swift; path = ResultScreen.swift; sourceTree = "<group>"; };
		A8D0410028D606870088DB45 /* ResultScreenState.swift */ = {isa = PBXFileReference; lastKnownFileType = sourcecode.swift; path = ResultScreenState.swift; sourceTree = "<group>"; };
		A8D0410228D6068F0088DB45 /* ResultScreenViewModel.swift */ = {isa = PBXFileReference; lastKnownFileType = sourcecode.swift; path = ResultScreenViewModel.swift; sourceTree = "<group>"; };
		A8D0410528D714F50088DB45 /* ThirdPartyScreen.swift */ = {isa = PBXFileReference; lastKnownFileType = sourcecode.swift; path = ThirdPartyScreen.swift; sourceTree = "<group>"; };
		A8D0410728D714FD0088DB45 /* ThirdPartyScreenState.swift */ = {isa = PBXFileReference; lastKnownFileType = sourcecode.swift; path = ThirdPartyScreenState.swift; sourceTree = "<group>"; };
		A8D0410928D715050088DB45 /* ThirdPartyScreenViewModel.swift */ = {isa = PBXFileReference; lastKnownFileType = sourcecode.swift; path = ThirdPartyScreenViewModel.swift; sourceTree = "<group>"; };
		A8D0410B28D715120088DB45 /* SystemInformationRetrieverIOS.swift */ = {isa = PBXFileReference; lastKnownFileType = sourcecode.swift; path = SystemInformationRetrieverIOS.swift; sourceTree = "<group>"; };
		A8D55637F89F662B15B23670 /* Pods-iosApp.release.xcconfig */ = {isa = PBXFileReference; includeInIndex = 1; lastKnownFileType = text.xcconfig; name = "Pods-iosApp.release.xcconfig"; path = "Target Support Files/Pods-iosApp/Pods-iosApp.release.xcconfig"; sourceTree = "<group>"; };
/* End PBXFileReference section */

/* Begin PBXFrameworksBuildPhase section */
		7F10CF24A6912C98A9D3D044 /* Frameworks */ = {
			isa = PBXFrameworksBuildPhase;
			buildActionMask = 2147483647;
			files = (
				A8430C6D28D5C7E2003722CC /* KMPNativeCoroutinesCombine in Frameworks */,
				A8430C6B28D5C7E2003722CC /* KMPNativeCoroutinesAsync in Frameworks */,
				A8430C7128D5C7E2003722CC /* KMPNativeCoroutinesRxSwift in Frameworks */,
				A8430C6F28D5C7E2003722CC /* KMPNativeCoroutinesCore in Frameworks */,
				3BD5C0111D7B3A14793FFC18 /* Pods_iosApp.framework in Frameworks */,
			);
			runOnlyForDeploymentPostprocessing = 0;
		};
/* End PBXFrameworksBuildPhase section */

/* Begin PBXGroup section */
		058557D7273AAEEB004C7B11 /* Preview Content */ = {
			isa = PBXGroup;
			children = (
				058557D8273AAEEB004C7B11 /* Preview Assets.xcassets */,
			);
			path = "Preview Content";
			sourceTree = "<group>";
		};
		7555FF72242A565900829871 = {
			isa = PBXGroup;
			children = (
				7555FF7D242A565900829871 /* iosApp */,
				7555FF7C242A565900829871 /* Products */,
				D58AFB96B9CBD8139F62745E /* Pods */,
				922CA466A8591AC1A20DF5A9 /* Frameworks */,
			);
			sourceTree = "<group>";
		};
		7555FF7C242A565900829871 /* Products */ = {
			isa = PBXGroup;
			children = (
				7555FF7B242A565900829871 /* iosApp.app */,
			);
			name = Products;
			sourceTree = "<group>";
		};
		7555FF7D242A565900829871 /* iosApp */ = {
			isa = PBXGroup;
			children = (
				A8D0410428D714E30088DB45 /* thirdparty */,
				A8D040FD28D606770088DB45 /* result */,
				A8430C6228D5C397003722CC /* coroutines */,
				A8430C5B28D4C89E003722CC /* inlineclasses */,
				A8430C5428D4C0BA003722CC /* sealedclassesandgenerics */,
				058557BA273AAA24004C7B11 /* Assets.xcassets */,
				7555FF8C242A565B00829871 /* Info.plist */,
				2152FB032600AC8F00CF470E /* iOSApp.swift */,
				058557D7273AAEEB004C7B11 /* Preview Content */,
				7555FF82242A565900829871 /* MainContentView.swift */,
			);
			path = iosApp;
			sourceTree = "<group>";
		};
		922CA466A8591AC1A20DF5A9 /* Frameworks */ = {
			isa = PBXGroup;
			children = (
				68891710A7B78F7B63F31D40 /* Pods_iosApp.framework */,
			);
			name = Frameworks;
			sourceTree = "<group>";
		};
		A8430C5428D4C0BA003722CC /* sealedclassesandgenerics */ = {
			isa = PBXGroup;
			children = (
				A80751C628D475CC0022B7FC /* SwiftResult.swift */,
				A8430C5528D4C0CE003722CC /* SealedClassesAndGenericsScreenState.swift */,
				A8430C5728D4C0D8003722CC /* SealedClassesAndGenericsScreen.swift */,
				A8430C5928D4C0E3003722CC /* SealedClassesAndGenericsScreenViewModel.swift */,
			);
			path = sealedclassesandgenerics;
			sourceTree = "<group>";
		};
		A8430C5B28D4C89E003722CC /* inlineclasses */ = {
			isa = PBXGroup;
			children = (
				A8430C5C28D4C8B0003722CC /* InlineClassesScreen.swift */,
				A8430C5E28D4C8B8003722CC /* InlineClassesScreenState.swift */,
				A8430C6028D4C8C1003722CC /* InlineClassesScreenViewModel.swift */,
			);
			path = inlineclasses;
			sourceTree = "<group>";
		};
		A8430C6228D5C397003722CC /* coroutines */ = {
			isa = PBXGroup;
			children = (
				A8430C6328D5C3A3003722CC /* CoroutinesScreen.swift */,
				A8430C6528D5C3AC003722CC /* CoroutinesScreenState.swift */,
				A8430C6728D5C3B5003722CC /* CoroutinesScreenViewModel.swift */,
			);
			path = coroutines;
			sourceTree = "<group>";
		};
		A8D040FD28D606770088DB45 /* result */ = {
			isa = PBXGroup;
			children = (
				A8D040FE28D606800088DB45 /* ResultScreen.swift */,
				A8D0410028D606870088DB45 /* ResultScreenState.swift */,
				A8D0410228D6068F0088DB45 /* ResultScreenViewModel.swift */,
			);
			path = result;
			sourceTree = "<group>";
		};
		A8D0410428D714E30088DB45 /* thirdparty */ = {
			isa = PBXGroup;
			children = (
				A8D0410528D714F50088DB45 /* ThirdPartyScreen.swift */,
				A8D0410728D714FD0088DB45 /* ThirdPartyScreenState.swift */,
				A8D0410928D715050088DB45 /* ThirdPartyScreenViewModel.swift */,
				A8D0410B28D715120088DB45 /* SystemInformationRetrieverIOS.swift */,
			);
			path = thirdparty;
			sourceTree = "<group>";
		};
		D58AFB96B9CBD8139F62745E /* Pods */ = {
			isa = PBXGroup;
			children = (
				710B87DA1F1B716F2E42BD60 /* Pods-iosApp.debug.xcconfig */,
				A8D55637F89F662B15B23670 /* Pods-iosApp.release.xcconfig */,
			);
			path = Pods;
			sourceTree = "<group>";
		};
/* End PBXGroup section */

/* Begin PBXNativeTarget section */
		7555FF7A242A565900829871 /* iosApp */ = {
			isa = PBXNativeTarget;
			buildConfigurationList = 7555FFA5242A565B00829871 /* Build configuration list for PBXNativeTarget "iosApp" */;
			buildPhases = (
				01025BF88B1370781F1C5CCD /* [CP] Check Pods Manifest.lock */,
				7555FF77242A565900829871 /* Sources */,
				7555FF79242A565900829871 /* Resources */,
				7F10CF24A6912C98A9D3D044 /* Frameworks */,
			);
			buildRules = (
			);
			dependencies = (
			);
			name = iosApp;
			packageProductDependencies = (
				A8430C6A28D5C7E2003722CC /* KMPNativeCoroutinesAsync */,
				A8430C6C28D5C7E2003722CC /* KMPNativeCoroutinesCombine */,
				A8430C6E28D5C7E2003722CC /* KMPNativeCoroutinesCore */,
				A8430C7028D5C7E2003722CC /* KMPNativeCoroutinesRxSwift */,
			);
			productName = iosApp;
			productReference = 7555FF7B242A565900829871 /* iosApp.app */;
			productType = "com.apple.product-type.application";
		};
/* End PBXNativeTarget section */

/* Begin PBXProject section */
		7555FF73242A565900829871 /* Project object */ = {
			isa = PBXProject;
			attributes = {
				LastSwiftUpdateCheck = 1130;
				LastUpgradeCheck = 1130;
				ORGANIZATIONNAME = orgName;
				TargetAttributes = {
					7555FF7A242A565900829871 = {
						CreatedOnToolsVersion = 11.3.1;
					};
				};
			};
			buildConfigurationList = 7555FF76242A565900829871 /* Build configuration list for PBXProject "iosApp" */;
			compatibilityVersion = "Xcode 9.3";
			developmentRegion = en;
			hasScannedForEncodings = 0;
			knownRegions = (
				en,
				Base,
			);
			mainGroup = 7555FF72242A565900829871;
			packageReferences = (
				A8430C6928D5C7E2003722CC /* XCRemoteSwiftPackageReference "KMP-NativeCoroutines" */,
			);
			productRefGroup = 7555FF7C242A565900829871 /* Products */;
			projectDirPath = "";
			projectRoot = "";
			targets = (
				7555FF7A242A565900829871 /* iosApp */,
			);
		};
/* End PBXProject section */

/* Begin PBXResourcesBuildPhase section */
		7555FF79242A565900829871 /* Resources */ = {
			isa = PBXResourcesBuildPhase;
			buildActionMask = 2147483647;
			files = (
				058557D9273AAEEB004C7B11 /* Preview Assets.xcassets in Resources */,
				058557BB273AAA24004C7B11 /* Assets.xcassets in Resources */,
			);
			runOnlyForDeploymentPostprocessing = 0;
		};
/* End PBXResourcesBuildPhase section */

/* Begin PBXShellScriptBuildPhase section */
		01025BF88B1370781F1C5CCD /* [CP] Check Pods Manifest.lock */ = {
			isa = PBXShellScriptBuildPhase;
			buildActionMask = 2147483647;
			files = (
			);
			inputFileListPaths = (
			);
			inputPaths = (
				"${PODS_PODFILE_DIR_PATH}/Podfile.lock",
				"${PODS_ROOT}/Manifest.lock",
			);
			name = "[CP] Check Pods Manifest.lock";
			outputFileListPaths = (
			);
			outputPaths = (
				"$(DERIVED_FILE_DIR)/Pods-iosApp-checkManifestLockResult.txt",
			);
			runOnlyForDeploymentPostprocessing = 0;
			shellPath = /bin/sh;
			shellScript = "diff \"${PODS_PODFILE_DIR_PATH}/Podfile.lock\" \"${PODS_ROOT}/Manifest.lock\" > /dev/null\nif [ $? != 0 ] ; then\n    # print error to STDERR\n    echo \"error: The sandbox is not in sync with the Podfile.lock. Run 'pod install' or update your CocoaPods installation.\" >&2\n    exit 1\nfi\n# This output is used by Xcode 'outputs' to avoid re-running this script phase.\necho \"SUCCESS\" > \"${SCRIPT_OUTPUT_FILE_0}\"\n";
			showEnvVarsInLog = 0;
		};
/* End PBXShellScriptBuildPhase section */

/* Begin PBXSourcesBuildPhase section */
		7555FF77242A565900829871 /* Sources */ = {
			isa = PBXSourcesBuildPhase;
			buildActionMask = 2147483647;
			files = (
				A8D0410128D606870088DB45 /* ResultScreenState.swift in Sources */,
				A8430C6628D5C3AC003722CC /* CoroutinesScreenState.swift in Sources */,
				2152FB042600AC8F00CF470E /* iOSApp.swift in Sources */,
				A8430C5D28D4C8B0003722CC /* InlineClassesScreen.swift in Sources */,
				A80751C728D475CC0022B7FC /* SwiftResult.swift in Sources */,
				A8430C5828D4C0D8003722CC /* SealedClassesAndGenericsScreen.swift in Sources */,
				A8430C6828D5C3B5003722CC /* CoroutinesScreenViewModel.swift in Sources */,
				A8430C6128D4C8C1003722CC /* InlineClassesScreenViewModel.swift in Sources */,
				A8430C5A28D4C0E3003722CC /* SealedClassesAndGenericsScreenViewModel.swift in Sources */,
				A8D0410828D714FD0088DB45 /* ThirdPartyScreenState.swift in Sources */,
				A8D0410328D6068F0088DB45 /* ResultScreenViewModel.swift in Sources */,
				A8430C5628D4C0CE003722CC /* SealedClassesAndGenericsScreenState.swift in Sources */,
				7555FF83242A565900829871 /* MainContentView.swift in Sources */,
				A8D0410628D714F50088DB45 /* ThirdPartyScreen.swift in Sources */,
				A8430C6428D5C3A3003722CC /* CoroutinesScreen.swift in Sources */,
				A8D0410A28D715050088DB45 /* ThirdPartyScreenViewModel.swift in Sources */,
				A8430C5F28D4C8B8003722CC /* InlineClassesScreenState.swift in Sources */,
				A8D0410C28D715120088DB45 /* SystemInformationRetrieverIOS.swift in Sources */,
				A8D040FF28D606800088DB45 /* ResultScreen.swift in Sources */,
			);
			runOnlyForDeploymentPostprocessing = 0;
		};
/* End PBXSourcesBuildPhase section */

/* Begin XCBuildConfiguration section */
		7555FFA3242A565B00829871 /* Debug */ = {
			isa = XCBuildConfiguration;
			buildSettings = {
				ALWAYS_SEARCH_USER_PATHS = NO;
				CLANG_ANALYZER_NONNULL = YES;
				CLANG_ANALYZER_NUMBER_OBJECT_CONVERSION = YES_AGGRESSIVE;
				CLANG_CXX_LANGUAGE_STANDARD = "gnu++14";
				CLANG_CXX_LIBRARY = "libc++";
				CLANG_ENABLE_MODULES = YES;
				CLANG_ENABLE_OBJC_ARC = YES;
				CLANG_ENABLE_OBJC_WEAK = YES;
				CLANG_WARN_BLOCK_CAPTURE_AUTORELEASING = YES;
				CLANG_WARN_BOOL_CONVERSION = YES;
				CLANG_WARN_COMMA = YES;
				CLANG_WARN_CONSTANT_CONVERSION = YES;
				CLANG_WARN_DEPRECATED_OBJC_IMPLEMENTATIONS = YES;
				CLANG_WARN_DIRECT_OBJC_ISA_USAGE = YES_ERROR;
				CLANG_WARN_DOCUMENTATION_COMMENTS = YES;
				CLANG_WARN_EMPTY_BODY = YES;
				CLANG_WARN_ENUM_CONVERSION = YES;
				CLANG_WARN_INFINITE_RECURSION = YES;
				CLANG_WARN_INT_CONVERSION = YES;
				CLANG_WARN_NON_LITERAL_NULL_CONVERSION = YES;
				CLANG_WARN_OBJC_IMPLICIT_RETAIN_SELF = YES;
				CLANG_WARN_OBJC_LITERAL_CONVERSION = YES;
				CLANG_WARN_OBJC_ROOT_CLASS = YES_ERROR;
				CLANG_WARN_QUOTED_INCLUDE_IN_FRAMEWORK_HEADER = YES;
				CLANG_WARN_RANGE_LOOP_ANALYSIS = YES;
				CLANG_WARN_STRICT_PROTOTYPES = YES;
				CLANG_WARN_SUSPICIOUS_MOVE = YES;
				CLANG_WARN_UNGUARDED_AVAILABILITY = YES_AGGRESSIVE;
				CLANG_WARN_UNREACHABLE_CODE = YES;
				CLANG_WARN__DUPLICATE_METHOD_MATCH = YES;
				COPY_PHASE_STRIP = NO;
				DEBUG_INFORMATION_FORMAT = "dwarf-with-dsym";
				ENABLE_STRICT_OBJC_MSGSEND = YES;
				ENABLE_TESTABILITY = YES;
				GCC_C_LANGUAGE_STANDARD = gnu11;
				GCC_DYNAMIC_NO_PIC = NO;
				GCC_NO_COMMON_BLOCKS = YES;
				GCC_OPTIMIZATION_LEVEL = 0;
				GCC_PREPROCESSOR_DEFINITIONS = (
					"DEBUG=1",
					"$(inherited)",
				);
				GCC_WARN_64_TO_32_BIT_CONVERSION = YES;
				GCC_WARN_ABOUT_RETURN_TYPE = YES_ERROR;
				GCC_WARN_UNDECLARED_SELECTOR = YES;
				GCC_WARN_UNINITIALIZED_AUTOS = YES_AGGRESSIVE;
				GCC_WARN_UNUSED_FUNCTION = YES;
				GCC_WARN_UNUSED_VARIABLE = YES;
				IPHONEOS_DEPLOYMENT_TARGET = 14.1;
				MTL_ENABLE_DEBUG_INFO = INCLUDE_SOURCE;
				MTL_FAST_MATH = YES;
				ONLY_ACTIVE_ARCH = YES;
				SDKROOT = iphoneos;
				SWIFT_ACTIVE_COMPILATION_CONDITIONS = DEBUG;
				SWIFT_OPTIMIZATION_LEVEL = "-Onone";
			};
			name = Debug;
		};
		7555FFA4242A565B00829871 /* Release */ = {
			isa = XCBuildConfiguration;
			buildSettings = {
				ALWAYS_SEARCH_USER_PATHS = NO;
				CLANG_ANALYZER_NONNULL = YES;
				CLANG_ANALYZER_NUMBER_OBJECT_CONVERSION = YES_AGGRESSIVE;
				CLANG_CXX_LANGUAGE_STANDARD = "gnu++14";
				CLANG_CXX_LIBRARY = "libc++";
				CLANG_ENABLE_MODULES = YES;
				CLANG_ENABLE_OBJC_ARC = YES;
				CLANG_ENABLE_OBJC_WEAK = YES;
				CLANG_WARN_BLOCK_CAPTURE_AUTORELEASING = YES;
				CLANG_WARN_BOOL_CONVERSION = YES;
				CLANG_WARN_COMMA = YES;
				CLANG_WARN_CONSTANT_CONVERSION = YES;
				CLANG_WARN_DEPRECATED_OBJC_IMPLEMENTATIONS = YES;
				CLANG_WARN_DIRECT_OBJC_ISA_USAGE = YES_ERROR;
				CLANG_WARN_DOCUMENTATION_COMMENTS = YES;
				CLANG_WARN_EMPTY_BODY = YES;
				CLANG_WARN_ENUM_CONVERSION = YES;
				CLANG_WARN_INFINITE_RECURSION = YES;
				CLANG_WARN_INT_CONVERSION = YES;
				CLANG_WARN_NON_LITERAL_NULL_CONVERSION = YES;
				CLANG_WARN_OBJC_IMPLICIT_RETAIN_SELF = YES;
				CLANG_WARN_OBJC_LITERAL_CONVERSION = YES;
				CLANG_WARN_OBJC_ROOT_CLASS = YES_ERROR;
				CLANG_WARN_QUOTED_INCLUDE_IN_FRAMEWORK_HEADER = YES;
				CLANG_WARN_RANGE_LOOP_ANALYSIS = YES;
				CLANG_WARN_STRICT_PROTOTYPES = YES;
				CLANG_WARN_SUSPICIOUS_MOVE = YES;
				CLANG_WARN_UNGUARDED_AVAILABILITY = YES_AGGRESSIVE;
				CLANG_WARN_UNREACHABLE_CODE = YES;
				CLANG_WARN__DUPLICATE_METHOD_MATCH = YES;
				COPY_PHASE_STRIP = NO;
				DEBUG_INFORMATION_FORMAT = "dwarf-with-dsym";
				ENABLE_NS_ASSERTIONS = NO;
				ENABLE_STRICT_OBJC_MSGSEND = YES;
				GCC_C_LANGUAGE_STANDARD = gnu11;
				GCC_NO_COMMON_BLOCKS = YES;
				GCC_WARN_64_TO_32_BIT_CONVERSION = YES;
				GCC_WARN_ABOUT_RETURN_TYPE = YES_ERROR;
				GCC_WARN_UNDECLARED_SELECTOR = YES;
				GCC_WARN_UNINITIALIZED_AUTOS = YES_AGGRESSIVE;
				GCC_WARN_UNUSED_FUNCTION = YES;
				GCC_WARN_UNUSED_VARIABLE = YES;
				IPHONEOS_DEPLOYMENT_TARGET = 14.1;
				MTL_ENABLE_DEBUG_INFO = NO;
				MTL_FAST_MATH = YES;
				SDKROOT = iphoneos;
				SWIFT_COMPILATION_MODE = wholemodule;
				SWIFT_OPTIMIZATION_LEVEL = "-O";
				VALIDATE_PRODUCT = YES;
			};
			name = Release;
		};
		7555FFA6242A565B00829871 /* Debug */ = {
			isa = XCBuildConfiguration;
			baseConfigurationReference = 710B87DA1F1B716F2E42BD60 /* Pods-iosApp.debug.xcconfig */;
			buildSettings = {
				ASSETCATALOG_COMPILER_APPICON_NAME = AppIcon;
				CODE_SIGN_STYLE = Automatic;
				DEVELOPMENT_ASSET_PATHS = "\"iosApp/Preview Content\"";
				ENABLE_PREVIEWS = YES;
				INFOPLIST_FILE = iosApp/Info.plist;
				LD_RUNPATH_SEARCH_PATHS = (
					"$(inherited)",
					"@executable_path/Frameworks",
				);
				PRODUCT_BUNDLE_IDENTIFIER = orgIdentifier.iosApp;
				PRODUCT_NAME = "$(TARGET_NAME)";
				SWIFT_VERSION = 5.0;
				TARGETED_DEVICE_FAMILY = "1,2";
			};
			name = Debug;
		};
		7555FFA7242A565B00829871 /* Release */ = {
			isa = XCBuildConfiguration;
			baseConfigurationReference = A8D55637F89F662B15B23670 /* Pods-iosApp.release.xcconfig */;
			buildSettings = {
				ASSETCATALOG_COMPILER_APPICON_NAME = AppIcon;
				CODE_SIGN_STYLE = Automatic;
				DEVELOPMENT_ASSET_PATHS = "\"iosApp/Preview Content\"";
				ENABLE_PREVIEWS = YES;
				INFOPLIST_FILE = iosApp/Info.plist;
				LD_RUNPATH_SEARCH_PATHS = (
					"$(inherited)",
					"@executable_path/Frameworks",
				);
				PRODUCT_BUNDLE_IDENTIFIER = orgIdentifier.iosApp;
				PRODUCT_NAME = "$(TARGET_NAME)";
				SWIFT_VERSION = 5.0;
				TARGETED_DEVICE_FAMILY = "1,2";
			};
			name = Release;
		};
/* End XCBuildConfiguration section */

/* Begin XCConfigurationList section */
		7555FF76242A565900829871 /* Build configuration list for PBXProject "iosApp" */ = {
			isa = XCConfigurationList;
			buildConfigurations = (
				7555FFA3242A565B00829871 /* Debug */,
				7555FFA4242A565B00829871 /* Release */,
			);
			defaultConfigurationIsVisible = 0;
			defaultConfigurationName = Release;
		};
		7555FFA5242A565B00829871 /* Build configuration list for PBXNativeTarget "iosApp" */ = {
			isa = XCConfigurationList;
			buildConfigurations = (
				7555FFA6242A565B00829871 /* Debug */,
				7555FFA7242A565B00829871 /* Release */,
			);
			defaultConfigurationIsVisible = 0;
			defaultConfigurationName = Release;
		};
/* End XCConfigurationList section */

/* Begin XCRemoteSwiftPackageReference section */
		A8430C6928D5C7E2003722CC /* XCRemoteSwiftPackageReference "KMP-NativeCoroutines" */ = {
			isa = XCRemoteSwiftPackageReference;
			repositoryURL = "https://github.com/rickclephas/KMP-NativeCoroutines.git";
			requirement = {
				kind = exactVersion;
				version = 0.12.2;
			};
		};
/* End XCRemoteSwiftPackageReference section */

/* Begin XCSwiftPackageProductDependency section */
		A8430C6A28D5C7E2003722CC /* KMPNativeCoroutinesAsync */ = {
			isa = XCSwiftPackageProductDependency;
			package = A8430C6928D5C7E2003722CC /* XCRemoteSwiftPackageReference "KMP-NativeCoroutines" */;
			productName = KMPNativeCoroutinesAsync;
		};
		A8430C6C28D5C7E2003722CC /* KMPNativeCoroutinesCombine */ = {
			isa = XCSwiftPackageProductDependency;
			package = A8430C6928D5C7E2003722CC /* XCRemoteSwiftPackageReference "KMP-NativeCoroutines" */;
			productName = KMPNativeCoroutinesCombine;
		};
		A8430C6E28D5C7E2003722CC /* KMPNativeCoroutinesCore */ = {
			isa = XCSwiftPackageProductDependency;
			package = A8430C6928D5C7E2003722CC /* XCRemoteSwiftPackageReference "KMP-NativeCoroutines" */;
			productName = KMPNativeCoroutinesCore;
		};
		A8430C7028D5C7E2003722CC /* KMPNativeCoroutinesRxSwift */ = {
			isa = XCSwiftPackageProductDependency;
			package = A8430C6928D5C7E2003722CC /* XCRemoteSwiftPackageReference "KMP-NativeCoroutines" */;
			productName = KMPNativeCoroutinesRxSwift;
		};
/* End XCSwiftPackageProductDependency section */
	};
	rootObject = 7555FF73242A565900829871 /* Project object */;
}
